dependencies:
- name: hdfs-explorer
  repository: file://../charts/hdfs-explorer
  version: 0.1.0
- name: sql-explorer
  repository: file://../charts/sql-explorer
  version: 0.1.0
- name: yarn-explorer
  repository: file://../charts/yarn-explorer
  version: 0.1.0
- name: spark-explorer
  repository: file://../charts/spark-explorer
  version: 0.1.0
digest: sha256:276e3915bb6b516c4ea05aa2d3d29819f1e0fc62e81b34e0e8de5a373b2ff626
generated: "2026-09-07T19:08:49.519969+03:00"
